// !$*UTF8*$!
{
	archiveVersion = 1;
	classes = {
	};
	objectVersion = 46;
	objects = {

/* Begin PBXBuildFile section */
		041BCD261D46BE4700E7343B /* main.m in Sources */ = {isa = PBXBuildFile; fileRef = 041BCD251D46BE4700E7343B /* main.m */; };
		041BCD291D46BE4700E7343B /* AppDelegate.m in Sources */ = {isa = PBXBuildFile; fileRef = 041BCD281D46BE4700E7343B /* AppDelegate.m */; };
		041BCD2C1D46BE4700E7343B /* ViewController.m in Sources */ = {isa = PBXBuildFile; fileRef = 041BCD2B1D46BE4700E7343B /* ViewController.m */; };
		041BCD2F1D46BE4700E7343B /* Main.storyboard in Resources */ = {isa = PBXBuildFile; fileRef = 041BCD2D1D46BE4700E7343B /* Main.storyboard */; };
		041BCD311D46BE4700E7343B /* Assets.xcassets in Resources */ = {isa = PBXBuildFile; fileRef = 041BCD301D46BE4700E7343B /* Assets.xcassets */; };
		041BCD341D46BE4700E7343B /* LaunchScreen.storyboard in Resources */ = {isa = PBXBuildFile; fileRef = 041BCD321D46BE4700E7343B /* LaunchScreen.storyboard */; };
/* End PBXBuildFile section */

/* Begin PBXFileReference section */
		041BCD211D46BE4700E7343B /* xr.app */ = {isa = PBXFileReference; explicitFileType = wrapper.application; includeInIndex = 0; path = xr.app; sourceTree = BUILT_PRODUCTS_DIR; };
		041BCD251D46BE4700E7343B /* main.m */ = {isa = PBXFileReference; lastKnownFileType = sourcecode.c.objc; path = main.m; sourceTree = "<group>"; };
		041BCD271D46BE4700E7343B /* AppDelegate.h */ = {isa = PBXFileReference; lastKnownFileType = sourcecode.c.h; path = AppDelegate.h; sourceTree = "<group>"; };
		041BCD281D46BE4700E7343B /* AppDelegate.m */ = {isa = PBXFileReference; lastKnownFileType = sourcecode.c.objc; path = AppDelegate.m; sourceTree = "<group>"; };
		041BCD2A1D46BE4700E7343B /* ViewController.h */ = {isa = PBXFileReference; lastKnownFileType = sourcecode.c.h; path = ViewController.h; sourceTree = "<group>"; };
		041BCD2B1D46BE4700E7343B /* ViewController.m */ = {isa = PBXFileReference; lastKnownFileType = sourcecode.c.objc; path = ViewController.m; sourceTree = "<group>"; };
		041BCD2E1D46BE4700E7343B /* Base */ = {isa = PBXFileReference; lastKnownFileType = file.storyboard; name = Base; path = Base.lproj/Main.storyboard; sourceTree = "<group>"; };
		041BCD301D46BE4700E7343B /* Assets.xcassets */ = {isa = PBXFileReference; lastKnownFileType = folder.assetcatalog; path = Assets.xcassets; sourceTree = "<group>"; };
		041BCD331D46BE4700E7343B /* Base */ = {isa = PBXFileReference; lastKnownFileType = file.storyboard; name = Base; path = Base.lproj/LaunchScreen.storyboard; sourceTree = "<group>"; };
		041BCD351D46BE4700E7343B /* Info.plist */ = {isa = PBXFileReference; lastKnownFileType = text.plist.xml; path = Info.plist; sourceTree = "<group>"; };
/* End PBXFileReference section */

/* Begin PBXFrameworksBuildPhase section */
		041BCD1E1D46BE4600E7343B /* Frameworks */ = {
			isa = PBXFrameworksBuildPhase;
			buildActionMask = 2147483647;
			files = (
			);
			runOnlyForDeploymentPostprocessing = 0;
		};
/* End PBXFrameworksBuildPhase section */

/* Begin PBXGroup section */
		041BCD181D46BE4600E7343B = {
			isa = PBXGroup;
			children = (
				041BCD231D46BE4700E7343B /* xr */,
				041BCD221D46BE4700E7343B /* Products */,
			);
			sourceTree = "<group>";
		};
		041BCD221D46BE4700E7343B /* Products */ = {
			isa = PBXGroup;
			children = (
				041BCD211D46BE4700E7343B /* xr.app */,
			);
			name = Products;
			sourceTree = "<group>";
		};
		041BCD231D46BE4700E7343B /* xr */ = {
			isa = PBXGroup;
			children = (
				041BCD271D46BE4700E7343B /* AppDelegate.h */,
				041BCD281D46BE4700E7343B /* AppDelegate.m */,
				041BCD2A1D46BE4700E7343B /* ViewController.h */,
				041BCD2B1D46BE4700E7343B /* ViewController.m */,
				041BCD2D1D46BE4700E7343B /* Main.storyboard */,
				041BCD301D46BE4700E7343B /* Assets.xcassets */,
				041BCD321D46BE4700E7343B /* LaunchScreen.storyboard */,
				041BCD351D46BE4700E7343B /* Info.plist */,
				041BCD241D46BE4700E7343B /* Supporting Files */,
			);
			path = xr;
			sourceTree = "<group>";
		};
		041BCD241D46BE4700E7343B /* Supporting Files */ = {
			isa = PBXGroup;
			children = (
				041BCD251D46BE4700E7343B /* main.m */,
			);
			name = "Supporting Files";
			sourceTree = "<group>";
		};
/* End PBXGroup section */

/* Begin PBXNativeTarget section */
		041BCD201D46BE4600E7343B /* xr */ = {
			isa = PBXNativeTarget;
			buildConfigurationList = 041BCD381D46BE4700E7343B /* Build configuration list for PBXNativeTarget "xr" */;
			buildPhases = (
				041BCD1D1D46BE4600E7343B /* Sources */,
				041BCD1E1D46BE4600E7343B /* Frameworks */,
				041BCD1F1D46BE4600E7343B /* Resources */,
			);
			buildRules = (
			);
			dependencies = (
			);
			name = xr;
			productName = xr;
			productReference = 041BCD211D46BE4700E7343B /* xr.app */;
			productType = "com.apple.product-type.application";
		};
/* End PBXNativeTarget section */

/* Begin PBXProject section */
		041BCD191D46BE4600E7343B /* Project object */ = {
			isa = PBXProject;
			attributes = {
				LastUpgradeCheck = 0710;
				ORGANIZATIONNAME = xr;
				TargetAttributes = {
					041BCD201D46BE4600E7343B = {
						CreatedOnToolsVersion = 7.1;
					};
				};
			};
			buildConfigurationList = 041BCD1C1D46BE4600E7343B /* Build configuration list for PBXProject "xr" */;
			compatibilityVersion = "Xcode 3.2";
			developmentRegion = English;
			hasScannedForEncodings = 0;
			knownRegions = (
				en,
				Base,
			);
			mainGroup = 041BCD181D46BE4600E7343B;
			productRefGroup = 041BCD221D46BE4700E7343B /* Products */;
			projectDirPath = "";
			projectRoot = "";
			targets = (
				041BCD201D46BE4600E7343B /* xr */,
			);
		};
/* End PBXProject section */

/* Begin PBXResourcesBuildPhase section */
		041BCD1F1D46BE4600E7343B /* Resources */ = {
			isa = PBXResourcesBuildPhase;
			buildActionMask = 2147483647;
			files = (
				041BCD341D46BE4700E7343B /* LaunchScreen.storyboard in Resources */,
				041BCD311D46BE4700E7343B /* Assets.xcassets in Resources */,
				041BCD2F1D46BE4700E7343B /* Main.storyboard in Resources */,
			);
			runOnlyForDeploymentPostprocessing = 0;
		};
/* End PBXResourcesBuildPhase section */

/* Begin PBXSourcesBuildPhase section */
		041BCD1D1D46BE4600E7343B /* Sources */ = {
			isa = PBXSourcesBuildPhase;
			buildActionMask = 2147483647;
			files = (
				041BCD2C1D46BE4700E7343B /* ViewController.m in Sources */,
				041BCD291D46BE4700E7343B /* AppDelegate.m in Sources */,
				041BCD261D46BE4700E7343B /* main.m in Sources */,
			);
			runOnlyForDeploymentPostprocessing = 0;
		};
/* End PBXSourcesBuildPhase section */

/* Begin PBXVariantGroup section */
		041BCD2D1D46BE4700E7343B /* Main.storyboard */ = {
			isa = PBXVariantGroup;
			children = (
				041BCD2E1D46BE4700E7343B /* Base */,
			);
			name = Main.storyboard;
			sourceTree = "<group>";
		};
		041BCD321D46BE4700E7343B /* LaunchScreen.storyboard */ = {
			isa = PBXVariantGroup;
			children = (
				041BCD331D46BE4700E7343B /* Base */,
			);
			name = LaunchScreen.storyboard;
			sourceTree = "<group>";
		};
/* End PBXVariantGroup section */

/* Begin XCBuildConfiguration section */
		041BCD361D46BE4700E7343B /* Debug */ = {
			isa = XCBuildConfiguration;
			buildSettings = {
				ALWAYS_SEARCH_USER_PATHS = NO;
				CLANG_CXX_LANGUAGE_STANDARD = "gnu++0x";
				CLANG_CXX_LIBRARY = "libc++";
				CLANG_ENABLE_MODULES = YES;
				CLANG_ENABLE_OBJC_ARC = YES;
				CLANG_WARN_BOOL_CONVERSION = YES;
				CLANG_WARN_CONSTANT_CONVERSION = YES;
				CLANG_WARN_DIRECT_OBJC_ISA_USAGE = YES_ERROR;
				CLANG_WARN_EMPTY_BODY = YES;
				CLANG_WARN_ENUM_CONVERSION = YES;
				CLANG_WARN_INT_CONVERSION = YES;
				CLANG_WARN_OBJC_ROOT_CLASS = YES_ERROR;
				CLANG_WARN_UNREACHABLE_CODE = YES;
				CLANG_WARN__DUPLICATE_METHOD_MATCH = YES;
				"CODE_SIGN_IDENTITY[sdk=iphoneos*]" = "iPhone Developer";
				COPY_PHASE_STRIP = NO;
				DEBUG_INFORMATION_FORMAT = dwarf;
				ENABLE_STRICT_OBJC_MSGSEND = YES;
				ENABLE_TESTABILITY = YES;
				GCC_C_LANGUAGE_STANDARD = gnu99;
				GCC_DYNAMIC_NO_PIC = NO;
				GCC_NO_COMMON_BLOCKS = YES;
				GCC_OPTIMIZATION_LEVEL = 0;
				GCC_PREPROCESSOR_DEFINITIONS = (
					"DEBUG=1",
					"$(inherited)",
				);
				GCC_WARN_64_TO_32_BIT_CONVERSION = YES;
				GCC_WARN_ABOUT_RETURN_TYPE = YES_ERROR;
				GCC_WARN_UNDECLARED_SELECTOR = YES;
				GCC_WARN_UNINITIALIZED_AUTOS = YES_AGGRESSIVE;
				GCC_WARN_UNUSED_FUNCTION = YES;
				GCC_WARN_UNUSED_VARIABLE = YES;
				IPHONEOS_DEPLOYMENT_TARGET = 9.1;
				MTL_ENABLE_DEBUG_INFO = YES;
				ONLY_ACTIVE_ARCH = YES;
				SDKROOT = iphoneos;
			};
			name = Debug;
		};
		041BCD371D46BE4700E7343B /* Release */ = {
			isa = XCBuildConfiguration;
			buildSettings = {
				ALWAYS_SEARCH_USER_PATHS = NO;
				CLANG_CXX_LANGUAGE_STANDARD = "gnu++0x";
				CLANG_CXX_LIBRARY = "libc++";
				CLANG_ENABLE_MODULES = YES;
				CLANG_ENABLE_OBJC_ARC = YES;
				CLANG_WARN_BOOL_CONVERSION = YES;
				CLANG_WARN_CONSTANT_CONVERSION = YES;
				CLANG_WARN_DIRECT_OBJC_ISA_USAGE = YES_ERROR;
				CLANG_WARN_EMPTY_BODY = YES;
				CLANG_WARN_ENUM_CONVERSION = YES;
				CLANG_WARN_INT_CONVERSION = YES;
				CLANG_WARN_OBJC_ROOT_CLASS = YES_ERROR;
				CLANG_WARN_UNREACHABLE_CODE = YES;
				CLANG_WARN__DUPLICATE_METHOD_MATCH = YES;
				"CODE_SIGN_IDENTITY[sdk=iphoneos*]" = "iPhone Developer";
				COPY_PHASE_STRIP = NO;
				DEBUG_INFORMATION_FORMAT = "dwarf-with-dsym";
				ENABLE_NS_ASSERTIONS = NO;
				ENABLE_STRICT_OBJC_MSGSEND = YES;
				GCC_C_LANGUAGE_STANDARD = gnu99;
				GCC_NO_COMMON_BLOCKS = YES;
				GCC_WARN_64_TO_32_BIT_CONVERSION = YES;
				GCC_WARN_ABOUT_RETURN_TYPE = YES_ERROR;
				GCC_WARN_UNDECLARED_SELECTOR = YES;
				GCC_WARN_UNINITIALIZED_AUTOS = YES_AGGRESSIVE;
				GCC_WARN_UNUSED_FUNCTION = YES;
				GCC_WARN_UNUSED_VARIABLE = YES;
				IPHONEOS_DEPLOYMENT_TARGET = 9.1;
				MTL_ENABLE_DEBUG_INFO = NO;
				SDKROOT = iphoneos;
				VALIDATE_PRODUCT = YES;
			};
			name = Release;
		};
		041BCD391D46BE4700E7343B /* Debug */ = {
			isa = XCBuildConfiguration;
			buildSettings = {
				ASSETCATALOG_COMPILER_APPICON_NAME = AppIcon;
				INFOPLIST_FILE = xr/Info.plist;
				LD_RUNPATH_SEARCH_PATHS = "$(inherited) @executable_path/Frameworks";
				PRODUCT_BUNDLE_IDENTIFIER = "-23.xr";
				PRODUCT_NAME = "$(TARGET_NAME)";
			};
			name = Debug;
		};
		041BCD3A1D46BE4700E7343B /* Release */ = {
			isa = XCBuildConfiguration;
			buildSettings = {
				ASSETCATALOG_COMPILER_APPICON_NAME = AppIcon;
				INFOPLIST_FILE = xr/Info.plist;
				LD_RUNPATH_SEARCH_PATHS = "$(inherited) @executable_path/Frameworks";
				PRODUCT_BUNDLE_IDENTIFIER = "-23.xr";
				PRODUCT_NAME = "$(TARGET_NAME)";
			};
			name = Release;
		};
/* End XCBuildConfiguration section */

/* Begin XCConfigurationList section */
		041BCD1C1D46BE4600E7343B /* Build configuration list for PBXProject "xr" */ = {
			isa = XCConfigurationList;
			buildConfigurations = (
				041BCD361D46BE4700E7343B /* Debug */,
				041BCD371D46BE4700E7343B /* Release */,
			);
			defaultConfigurationIsVisible = 0;
			defaultConfigurationName = Release;
		};
		041BCD381D46BE4700E7343B /* Build configuration list for PBXNativeTarget "xr" */ = {
			isa = XCConfigurationList;
			buildConfigurations = (
				041BCD391D46BE4700E7343B /* Debug */,
				041BCD3A1D46BE4700E7343B /* Release */,
			);
			defaultConfigurationIsVisible = 0;
		};
/* End XCConfigurationList section */
	};
	rootObject = 041BCD191D46BE4600E7343B /* Project object */;
}
